
Microsoft Visual Studio Solution File, Format Version 12.00
# Visual Studio Version 17
VisualStudioVersion = 17.14.36429.23 d17.14
MinimumVisualStudioVersion = 10.0.40219.1
Project("{FAE04EC0-301F-11D3-BF4B-00C04F79EFBC}") = "QuanLyKhachSan", "QuanLyKhachSan\QuanLyKhachSan.csproj", "{A0AAD68A-FEE4-42BA-8A75-D0921A2B9980}"
EndProject
Global
	GlobalSection(SolutionConfigurationPlatforms) = preSolution
		Debug|Any CPU = Debug|Any CPU
		Release|Any CPU = Release|Any CPU
	EndGlobalSection
	GlobalSection(ProjectConfigurationPlatforms) = postSolution
		{A0AAD68A-FEE4-42BA-8A75-D0921A2B9980}.Debug|Any CPU.ActiveCfg = Debug|Any CPU
		{A0AAD68A-FEE4-42BA-8A75-D0921A2B9980}.Debug|Any CPU.Build.0 = Debug|Any CPU
		{A0AAD68A-FEE4-42BA-8A75-D0921A2B9980}.Release|Any CPU.ActiveCfg = Release|Any CPU
		{A0AAD68A-FEE4-42BA-8A75-D0921A2B9980}.Release|Any CPU.Build.0 = Release|Any CPU
	EndGlobalSection
	GlobalSection(SolutionProperties) = preSolution
		HideSolutionNode = FALSE
	EndGlobalSection
	GlobalSection(ExtensibilityGlobals) = postSolution
		SolutionGuid = {6A263E95-FC91-4E94-9E82-BFB84E598552}
	EndGlobalSection
EndGlobal
